
Microsoft Visual Studio Solution File, Format Version 12.00
# Visual Studio 15
VisualStudioVersion = 15.0.26403.7
MinimumVisualStudioVersion = 10.0.40219.1
Project("{FAE04EC0-301F-11D3-BF4B-00C04F79EFBC}") = "EventTickets.Model", "EventTickets.Model\EventTickets.Model.csproj", "{916F1AD5-01B6-4707-9992-CE6630A8A6C6}"
EndProject
Project("{FAE04EC0-301F-11D3-BF4B-00C04F79EFBC}") = "EventTickets.Repository", "EventTickets.Repository\EventTickets.Repository.csproj", "{53266D3F-C900-45F5-94D9-501FF3D8C9D1}"
EndProject
Project("{2150E333-8FDC-42A3-9474-1A3956D46DE8}") = "client application", "client application", "{28C470E7-86DB-4718-B97B-684A3EAA4B6A}"
EndProject
Project("{2150E333-8FDC-42A3-9474-1A3956D46DE8}") = "service application", "service application", "{1FCAA43D-168C-4E70-80C7-4AC73F255AE7}"
EndProject
Project("{FAE04EC0-301F-11D3-BF4B-00C04F79EFBC}") = "EventTickets.AppService", "EventTickets.AppService\EventTickets.AppService.csproj", "{E05F8B54-1BFC-4437-A0FA-1EDB1A69F517}"
EndProject
Project("{2150E333-8FDC-42A3-9474-1A3956D46DE8}") = "wcf", "wcf", "{096F07E6-1DCB-4B2F-B742-BAEB044969D2}"
EndProject
Project("{FAE04EC0-301F-11D3-BF4B-00C04F79EFBC}") = "EventTicket.ServiceContracts", "EventTicket.ServiceContracts\EventTicket.ServiceContracts.csproj", "{28D45BE9-0EDF-4A0F-AF04-B1AA522A9A3F}"
EndProject
Project("{FAE04EC0-301F-11D3-BF4B-00C04F79EFBC}") = "EventTicket.DataContracts", "EventTicket.DataContracts\EventTicket.DataContracts.csproj", "{79F03DB6-9C1D-43E2-939E-0AA92CA15C40}"
EndProject
Project("{FAE04EC0-301F-11D3-BF4B-00C04F79EFBC}") = "TicketShop", "TicketShop\TicketShop.csproj", "{A474F4C3-E7A0-45DB-AF22-49351DEC1523}"
EndProject
Project("{FAE04EC0-301F-11D3-BF4B-00C04F79EFBC}") = "WebService2", "WebService2\WebService2.csproj", "{ADE814B0-4AE5-4FBF-9683-38D55C92AB6B}"
EndProject
Global
	GlobalSection(SolutionConfigurationPlatforms) = preSolution
		Debug|Any CPU = Debug|Any CPU
		Release|Any CPU = Release|Any CPU
	EndGlobalSection
	GlobalSection(ProjectConfigurationPlatforms) = postSolution
		{916F1AD5-01B6-4707-9992-CE6630A8A6C6}.Debug|Any CPU.ActiveCfg = Debug|Any CPU
		{916F1AD5-01B6-4707-9992-CE6630A8A6C6}.Debug|Any CPU.Build.0 = Debug|Any CPU
		{916F1AD5-01B6-4707-9992-CE6630A8A6C6}.Release|Any CPU.ActiveCfg = Release|Any CPU
		{916F1AD5-01B6-4707-9992-CE6630A8A6C6}.Release|Any CPU.Build.0 = Release|Any CPU
		{53266D3F-C900-45F5-94D9-501FF3D8C9D1}.Debug|Any CPU.ActiveCfg = Debug|Any CPU
		{53266D3F-C900-45F5-94D9-501FF3D8C9D1}.Debug|Any CPU.Build.0 = Debug|Any CPU
		{53266D3F-C900-45F5-94D9-501FF3D8C9D1}.Release|Any CPU.ActiveCfg = Release|Any CPU
		{53266D3F-C900-45F5-94D9-501FF3D8C9D1}.Release|Any CPU.Build.0 = Release|Any CPU
		{E05F8B54-1BFC-4437-A0FA-1EDB1A69F517}.Debug|Any CPU.ActiveCfg = Debug|Any CPU
		{E05F8B54-1BFC-4437-A0FA-1EDB1A69F517}.Debug|Any CPU.Build.0 = Debug|Any CPU
		{E05F8B54-1BFC-4437-A0FA-1EDB1A69F517}.Release|Any CPU.ActiveCfg = Release|Any CPU
		{E05F8B54-1BFC-4437-A0FA-1EDB1A69F517}.Release|Any CPU.Build.0 = Release|Any CPU
		{28D45BE9-0EDF-4A0F-AF04-B1AA522A9A3F}.Debug|Any CPU.ActiveCfg = Debug|Any CPU
		{28D45BE9-0EDF-4A0F-AF04-B1AA522A9A3F}.Debug|Any CPU.Build.0 = Debug|Any CPU
		{28D45BE9-0EDF-4A0F-AF04-B1AA522A9A3F}.Release|Any CPU.ActiveCfg = Release|Any CPU
		{28D45BE9-0EDF-4A0F-AF04-B1AA522A9A3F}.Release|Any CPU.Build.0 = Release|Any CPU
		{79F03DB6-9C1D-43E2-939E-0AA92CA15C40}.Debug|Any CPU.ActiveCfg = Debug|Any CPU
		{79F03DB6-9C1D-43E2-939E-0AA92CA15C40}.Debug|Any CPU.Build.0 = Debug|Any CPU
		{79F03DB6-9C1D-43E2-939E-0AA92CA15C40}.Release|Any CPU.ActiveCfg = Release|Any CPU
		{79F03DB6-9C1D-43E2-939E-0AA92CA15C40}.Release|Any CPU.Build.0 = Release|Any CPU
		{A474F4C3-E7A0-45DB-AF22-49351DEC1523}.Debug|Any CPU.ActiveCfg = Debug|Any CPU
		{A474F4C3-E7A0-45DB-AF22-49351DEC1523}.Debug|Any CPU.Build.0 = Debug|Any CPU
		{A474F4C3-E7A0-45DB-AF22-49351DEC1523}.Release|Any CPU.ActiveCfg = Release|Any CPU
		{A474F4C3-E7A0-45DB-AF22-49351DEC1523}.Release|Any CPU.Build.0 = Release|Any CPU
		{ADE814B0-4AE5-4FBF-9683-38D55C92AB6B}.Debug|Any CPU.ActiveCfg = Debug|Any CPU
		{ADE814B0-4AE5-4FBF-9683-38D55C92AB6B}.Debug|Any CPU.Build.0 = Debug|Any CPU
		{ADE814B0-4AE5-4FBF-9683-38D55C92AB6B}.Release|Any CPU.ActiveCfg = Release|Any CPU
		{ADE814B0-4AE5-4FBF-9683-38D55C92AB6B}.Release|Any CPU.Build.0 = Release|Any CPU
	EndGlobalSection
	GlobalSection(SolutionProperties) = preSolution
		HideSolutionNode = FALSE
	EndGlobalSection
	GlobalSection(NestedProjects) = preSolution
		{916F1AD5-01B6-4707-9992-CE6630A8A6C6} = {1FCAA43D-168C-4E70-80C7-4AC73F255AE7}
		{53266D3F-C900-45F5-94D9-501FF3D8C9D1} = {1FCAA43D-168C-4E70-80C7-4AC73F255AE7}
		{E05F8B54-1BFC-4437-A0FA-1EDB1A69F517} = {1FCAA43D-168C-4E70-80C7-4AC73F255AE7}
		{096F07E6-1DCB-4B2F-B742-BAEB044969D2} = {1FCAA43D-168C-4E70-80C7-4AC73F255AE7}
		{28D45BE9-0EDF-4A0F-AF04-B1AA522A9A3F} = {096F07E6-1DCB-4B2F-B742-BAEB044969D2}
		{79F03DB6-9C1D-43E2-939E-0AA92CA15C40} = {096F07E6-1DCB-4B2F-B742-BAEB044969D2}
		{A474F4C3-E7A0-45DB-AF22-49351DEC1523} = {28C470E7-86DB-4718-B97B-684A3EAA4B6A}
	EndGlobalSection
EndGlobal
